
Microsoft Visual Studio Solution File, Format Version 12.00
# Visual Studio 15
Project("{FAE04EC0-301F-11D3-BF4B-00C04F79EFBC}") = "xOPS_Console", "xOPS_Console\xOPS_Console.csproj", "{C0589180-A122-42DB-B4C2-071DC0515D25}"
EndProject
Project("{FAE04EC0-301F-11D3-BF4B-00C04F79EFBC}") = "Saplin.xOPS", "Saplin.xOPS\Saplin.xOPS.csproj", "{8C81F5EE-DB6D-49E6-8069-E81E7D4D9A8D}"
EndProject
Project("{FAE04EC0-301F-11D3-BF4B-00C04F79EFBC}") = "Saplin.xOPS.UI.Android", "Saplin.xOPS.UI.Android\Saplin.xOPS.UI.Android.csproj", "{285346C7-38AA-415E-A036-C47A7D708C49}"
EndProject
Project("{FAE04EC0-301F-11D3-BF4B-00C04F79EFBC}") = "Saplin.xOPS.UI", "Saplin.xOPS.UI\Saplin.xOPS.UI.csproj", "{3ED41AC5-D780-4E50-87A3-479E70E2E1F6}"
EndProject
Global
	GlobalSection(SolutionConfigurationPlatforms) = preSolution
		Debug|Any CPU = Debug|Any CPU
		Release|Any CPU = Release|Any CPU
	EndGlobalSection
	GlobalSection(ProjectConfigurationPlatforms) = postSolution
		{C0589180-A122-42DB-B4C2-071DC0515D25}.Debug|Any CPU.ActiveCfg = Debug|Any CPU
		{C0589180-A122-42DB-B4C2-071DC0515D25}.Debug|Any CPU.Build.0 = Debug|Any CPU
		{C0589180-A122-42DB-B4C2-071DC0515D25}.Release|Any CPU.ActiveCfg = Release|Any CPU
		{C0589180-A122-42DB-B4C2-071DC0515D25}.Release|Any CPU.Build.0 = Release|Any CPU
		{8C81F5EE-DB6D-49E6-8069-E81E7D4D9A8D}.Debug|Any CPU.ActiveCfg = Debug|Any CPU
		{8C81F5EE-DB6D-49E6-8069-E81E7D4D9A8D}.Debug|Any CPU.Build.0 = Debug|Any CPU
		{8C81F5EE-DB6D-49E6-8069-E81E7D4D9A8D}.Release|Any CPU.ActiveCfg = Release|Any CPU
		{8C81F5EE-DB6D-49E6-8069-E81E7D4D9A8D}.Release|Any CPU.Build.0 = Release|Any CPU
		{285346C7-38AA-415E-A036-C47A7D708C49}.Debug|Any CPU.ActiveCfg = Debug|Any CPU
		{285346C7-38AA-415E-A036-C47A7D708C49}.Debug|Any CPU.Build.0 = Debug|Any CPU
		{285346C7-38AA-415E-A036-C47A7D708C49}.Release|Any CPU.ActiveCfg = Release|Any CPU
		{285346C7-38AA-415E-A036-C47A7D708C49}.Release|Any CPU.Build.0 = Release|Any CPU
		{3ED41AC5-D780-4E50-87A3-479E70E2E1F6}.Debug|Any CPU.ActiveCfg = Debug|Any CPU
		{3ED41AC5-D780-4E50-87A3-479E70E2E1F6}.Debug|Any CPU.Build.0 = Debug|Any CPU
		{3ED41AC5-D780-4E50-87A3-479E70E2E1F6}.Release|Any CPU.ActiveCfg = Release|Any CPU
		{3ED41AC5-D780-4E50-87A3-479E70E2E1F6}.Release|Any CPU.Build.0 = Release|Any CPU
	EndGlobalSection
EndGlobal
